{
  "name": "nexeras-3d-learning-pipeline",
  "version": "0.1.0",
  "lockfileVersion": 3,
  "requires": true,
  "packages": {
    "": {
      "name": "nexeras-3d-learning-pipeline",
      "version": "0.1.0",
      "dependencies": {
        "babylonjs": "^9.1.0",
        "babylonjs-loaders": "^9.1.0",
        "three": "^0.183.2"
      }
    },
    "node_modules/babylonjs": {
      "version": "9.1.0",
      "resolved": "https://registry.npmjs.org/babylonjs/-/babylonjs-9.1.0.tgz",
      "integrity": "sha512-SmFEBAaoq4WWkMig7Ue4xiAPsz2nWBmVZ1kZ18kKtC1+R1fpBdNa+sh4Mi6kO4biy5EwzjwAQ61ncXaSxQA7Hw==",
      "hasInstallScript": true,
      "license": "Apache-2.0"
    },
    "node_modules/babylonjs-gltf2interface": {
      "version": "9.1.0",
      "resolved": "https://registry.npmjs.org/babylonjs-gltf2interface/-/babylonjs-gltf2interface-9.1.0.tgz",
      "integrity": "sha512-80wgo57ev8pvLKGCwwXBemlaWP5PvlviT0CLzDX5NIJ9fBLH7p3B77TVZplOZx230cTLUF6EiJQ7pelw+f8Qlw==",
      "license": "Apache-2.0"
    },
    "node_modules/babylonjs-loaders": {
      "version": "9.1.0",
      "resolved": "https://registry.npmjs.org/babylonjs-loaders/-/babylonjs-loaders-9.1.0.tgz",
      "integrity": "sha512-NJyC+1keWfFAG5E6YVI+bv2Qp4oq08KZYpi9Q/Y1Q7IJBUnrbSpZ+VtYmKrTc+YL+uV7li1FmddrCP+Uk0n7SA==",
      "license": "Apache-2.0",
      "dependencies": {
        "babylonjs": "9.1.0",
        "babylonjs-gltf2interface": "9.1.0"
      }
    },
    "node_modules/three": {
      "version": "0.183.2",
      "resolved": "https://registry.npmjs.org/three/-/three-0.183.2.tgz",
      "integrity": "sha512-di3BsL2FEQ1PA7Hcvn4fyJOlxRRgFYBpMTcyOgkwJIaDOdJMebEFPA+t98EvjuljDx4hNulAGwF6KIjtwI5jgQ==",
      "license": "MIT"
    }
  }
}
